github.com/gethugothemes/hugo-modules/accordion v0.0.0-20250112030311-a0de82520a5a h1:NxfFiOrEHCUEPa2NujQaFz046u8taPmRhq/n8Cauj+E=
github.com/gethugothemes/hugo-modules/accordion v0.0.0-20250112030311-a0de82520a5a/go.mod h1:D4DpauKPDcUHI9CVKYmJeO6bkSJIhUN864TyXZ2o0VI=
github.com/gethugothemes/hugo-modules/adsense v0.0.0-20250112030311-a0de82520a5a h1:micmsZFRrKOvmXJ/alWoOE7cJDSqoTgHMHeneBwiypg=
github.com/gethugothemes/hugo-modules/adsense v0.0.0-20250112030311-a0de82520a5a/go.mod h1:8p/gG/cyyu20z4q5cFN/JGE5TOFA55Xsp+aIP9KCsqo=
github.com/gethugothemes/hugo-modules/components/announcement v0.0.0-20250112030311-a0de82520a5a h1:HxQRfSnwFvyn5aWDIz48Si5xfWIiXEcAmFjiEVSw4CQ=
github.com/gethugothemes/hugo-modules/components/announcement v0.0.0-20250112030311-a0de82520a5a/go.mod h1:BO6vbFLvEgb45epi/QtUkQmTyqsWSwxIqTpwDvqJFHk=
github.com/gethugothemes/hugo-modules/components/cookie-consent v0.0.0-20250112030311-a0de82520a5a h1:07BUR6+5RJDj3vAc0nxekFb8cG8tbEVzZxp3iV2THzE=
github.com/gethugothemes/hugo-modules/components/cookie-consent v0.0.0-20250112030311-a0de82520a5a/go.mod h1:511ERLpGe3ZTfV2z/NAtUSR5NqKF26h9z5lU/zYV4YQ=
github.com/gethugothemes/hugo-modules/components/custom-script v0.0.0-20250112030311-a0de82520a5a h1:R333pnogN6KEDQ5lmt98USxWtCtJbnG3OVgAAErV7oI=
github.com/gethugothemes/hugo-modules/components/custom-script v0.0.0-20250112030311-a0de82520a5a/go.mod h1:RuDHq4WnK8sNEzAIJr4BZQ7oXhzcct/EKaAxc2Xvi9E=
github.com/gethugothemes/hugo-modules/components/preloader v0.0.0-20250112030311-a0de82520a5a h1:NrsY0N/KFXtrqJ7+9lS9NleOKo1TsUWY8T9xLz+V4xU=
github.com/gethugothemes/hugo-modules/components/preloader v0.0.0-20250112030311-a0de82520a5a/go.mod h1:FP0iQ3tMOesuWFZhLst2KEvUEYPb5Jk1GW+QBP9lrwg=
github.com/gethugothemes/hugo-modules/components/render-link v0.0.0-20250112030311-a0de82520a5a h1:IPW7fk6oMNZa+er82qCjEpJAUmDE1MNVx/WBCYJE24k=
github.com/gethugothemes/hugo-modules/components/render-link v0.0.0-20250112030311-a0de82520a5a/go.mod h1:z3YcIeEBUonAoRDY1/Jv1ojNVkZ5ud35a0Nn8L4Inx0=
github.com/gethugothemes/hugo-modules/components/social-share v0.0.0-20250112030311-a0de82520a5a h1:5wSQnPnWHNVRNZFz1+tDsD5pTZkguGVhEvVF57WVg8s=
github.com/gethugothemes/hugo-modules/components/social-share v0.0.0-20250112030311-a0de82520a5a/go.mod h1:Gcj4RM/EBECsJMZnPeWjfy/1roRYGqzV9GYNmeHkvFA=
github.com/gethugothemes/hugo-modules/gallery-slider v0.0.0-20250112030311-a0de82520a5a h1:tj9YGoDk1do91Mnbtz2jeIHynY9GNhYUqcrZgQyTTd4=
github.com/gethugothemes/hugo-modules/gallery-slider v0.0.0-20250112030311-a0de82520a5a/go.mod h1:MvQ2js/ofZ22CTX5wuvE+dC0rMe6C5HAWL2fEOu/yzE=
github.com/gethugothemes/hugo-modules/gzip-caching v0.0.0-20250112030311-a0de82520a5a h1:efefuT/Q6s80fC0OUB7PquKx8ddsoBmhBnuzpzc/opc=
github.com/gethugothemes/hugo-modules/gzip-caching v0.0.0-20250112030311-a0de82520a5a/go.mod h1:0ZMjTZVG4XLZU2/icc8Saqo4mmgMpfRTrUZU2Aa2Pwg=
github.com/gethugothemes/hugo-modules/icons/font-awesome v0.0.0-20250112030311-a0de82520a5a h1:PmVZHCPKw3aFRz0rN0IVUwnsr9rJQSg6g1eMrGud2Jg=
github.com/gethugothemes/hugo-modules/icons/font-awesome v0.0.0-20250112030311-a0de82520a5a/go.mod h1:d3gy1vQyfasPmGpau7HpQLrXbOv23PfXclSnjyOBxeU=
github.com/gethugothemes/hugo-modules/images v0.0.0-20250112030311-a0de82520a5a h1:plU1FeSAMf40PImz/atXvreAslQv2V8iv1NUZljJXrE=
github.com/gethugothemes/hugo-modules/images v0.0.0-20250112030311-a0de82520a5a/go.mod h1:FKliP3qOW9diIcQeLtyZ0Hdhg3PL8bdAkC/6O+XtU90=
github.com/gethugothemes/hugo-modules/modal v0.0.0-20250112030311-a0de82520a5a h1:yvtkd8gpkNopUWFOW1pH/HHgbqK8+cczBgSbfnoaCAY=
github.com/gethugothemes/hugo-modules/modal v0.0.0-20250112030311-a0de82520a5a/go.mod h1:Eb9v7oV6biymfvjcBhQdvgn0gUGYhUtfCMeOBLFpFsk=
github.com/gethugothemes/hugo-modules/pwa v0.0.0-20250112030311-a0de82520a5a h1:wL+nCo9rTEthMcfi+xLbmb8j+gp+1c6V+WOpTNR0Y9A=
github.com/gethugothemes/hugo-modules/pwa v0.0.0-20250112030311-a0de82520a5a/go.mod h1:TRv7iszdfo37O1PbBEE+S8X/enAdpRIxK5DGrp13Qbo=
github.com/gethugothemes/hugo-modules/search v0.0.0-20250112030311-a0de82520a5a h1:mXOrXwWgAy6BmZxM1x++jMmyH6IAnqL+JPIhlRYTWlk=
github.com/gethugothemes/hugo-modules/search v0.0.0-20250112030311-a0de82520a5a/go.mod h1:tmDvLaZCM+QDvS/WLZXNjY1QTdWh7/68D2wIToECbyA=
github.com/gethugothemes/hugo-modules/seo-tools/basic-seo v0.0.0-20250112030311-a0de82520a5a h1:2N9tgMe+419zGyumJdfuDYENmbekZJXjcHLrzxlii7w=
github.com/gethugothemes/hugo-modules/seo-tools/basic-seo v0.0.0-20250112030311-a0de82520a5a/go.mod h1:Q8dPgjamV7pxwKSQyWV21Xwh5CGi23/k+M8HPTphYbs=
github.com/gethugothemes/hugo-modules/seo-tools/google-tag-manager v0.0.0-20250112030311-a0de82520a5a h1:eFye5vPLeHkxWzgNYFVL7J1Nc3x0M3mGNP7aLqbNDE8=
github.com/gethugothemes/hugo-modules/seo-tools/google-tag-manager v0.0.0-20250112030311-a0de82520a5a/go.mod h1:cCq50yd55eFTrpqOfeyOK5X0hU5E7qxsqOD7IzTsgLA=
github.com/gethugothemes/hugo-modules/seo-tools/site-verifications v0.0.0-20250112030311-a0de82520a5a h1:RbBrE9juZQSu+k3622cKBfPe1SyeR5mIJcTiCa/EJEo=
github.com/gethugothemes/hugo-modules/seo-tools/site-verifications v0.0.0-20250112030311-a0de82520a5a/go.mod h1:iXielaya126qJscz7Bc2G2WB91moloQOoWru6UoBUyE=
github.com/gethugothemes/hugo-modules/shortcodes/button v0.0.0-20250112030311-a0de82520a5a h1:Iecvkh8uvVRNaaNnmoFBryGeCDhDomNpHcBN6/Z4yro=
github.com/gethugothemes/hugo-modules/shortcodes/button v0.0.0-20250112030311-a0de82520a5a/go.mod h1:MSvxGvjvcGUKTs6YMATU/9kYFrzW+VSVdy4CCOQLdsY=
github.com/gethugothemes/hugo-modules/shortcodes/notice v0.0.0-20250112030311-a0de82520a5a h1:+pJoI1mxyFZPVuvuU9izBRUFECSJgpjXhJEf6gD9GG4=
github.com/gethugothemes/hugo-modules/shortcodes/notice v0.0.0-20250112030311-a0de82520a5a/go.mod h1:ljWyMJx82WA+6SlKjbGFhEdxcriyvUTCjXkJHDa4lho=
github.com/gethugothemes/hugo-modules/tab v0.0.0-20250112030311-a0de82520a5a h1:11ePvZEZAD6OnHYmhkde9Fm1JlU6vZ9dHSN2oOjs2oI=
github.com/gethugothemes/hugo-modules/tab v0.0.0-20250112030311-a0de82520a5a/go.mod h1:h3UxlxrFoU19JldxWLPBKaTZFe3AJtABrqo1wfxr+Ng=
github.com/gethugothemes/hugo-modules/table-of-contents v0.0.0-20250112030311-a0de82520a5a h1:H4OA1fc5+khvVB1Wx1KaWewI/cbRUUomwuA02/h3NDg=
github.com/gethugothemes/hugo-modules/table-of-contents v0.0.0-20250112030311-a0de82520a5a/go.mod h1:bEDw4veccQQQYEdVrfu13ATRUWfW8ptDIjJZuhYh4Tw=
github.com/gethugothemes/hugo-modules/videos v0.0.0-20250112030311-a0de82520a5a h1:COIN8n/EtyhRzeoNGyg8MNoGzZ+2DMyTW1PBnsK6Q/U=
github.com/gethugothemes/hugo-modules/videos v0.0.0-20250112030311-a0de82520a5a/go.mod h1:P722lLWdnNhdZVq6gvMrOLqECUwrAYQWaOWlChta5H0=
github.com/hugomods/mermaid v0.1.4 h1:/u0FZRSBMpqTbDh4XPBL7c6p0DUjvIkoo9cC89GASSI=
github.com/hugomods/mermaid v0.1.4/go.mod h1:GOID2Ko1vdrX03ZMaFNQL/vdTU1tZmGcVjOgBN8O42Y=
